
Microsoft Visual Studio Solution File, Format Version 12.00
# Visual Studio Version 17
VisualStudioVersion = 17.4.33213.308
MinimumVisualStudioVersion = 10.0.40219.1
Project("{9A19103F-16F7-4668-BE54-9A1E7A4F7556}") = "RealEstate.User", "User\RealEstate.User.csproj", "{B66573F2-B619-4738-9370-7102ED173322}"
EndProject
Project("{9A19103F-16F7-4668-BE54-9A1E7A4F7556}") = "Common", "Common\Common.csproj", "{36B8AE84-BFBE-46BE-A548-80B261F61E5C}"
EndProject
Project("{9A19103F-16F7-4668-BE54-9A1E7A4F7556}") = "GateWay", "GateWay\GateWay.csproj", "{78E15307-0CF5-4822-95C6-4B4DB6377631}"
EndProject
Project("{FAE04EC0-301F-11D3-BF4B-00C04F79EFBC}") = "RealEstate.Admin", "Admin\RealEstate.Admin.csproj", "{D3500AE2-1E68-4C93-995F-89E2B1E2A2C0}"
EndProject
Project("{FAE04EC0-301F-11D3-BF4B-00C04F79EFBC}") = "RealEstate.Domain", "RealEstate.Domain\RealEstate.Domain.csproj", "{717E0EDA-23BD-42B8-B021-422273798360}"
EndProject
Project("{FAE04EC0-301F-11D3-BF4B-00C04F79EFBC}") = "RealEstate.Application", "RealEstate.Application\RealEstate.Application.csproj", "{8E444CDD-9299-4549-9DFF-5C9AE958B138}"
EndProject
Project("{FAE04EC0-301F-11D3-BF4B-00C04F79EFBC}") = "RealEstate.UnitTest", "RealEstate.UnitTest\RealEstate.UnitTest.csproj", "{ECFD27E8-D873-48BC-B2EE-08F27180BE38}"
EndProject
Project("{2150E333-8FDC-42A3-9474-1A3956D46DE8}") = "Infrastructure", "Infrastructure", "{02EA681E-C7D8-13C7-8484-4AC65E1B71E8}"
EndProject
Project("{2150E333-8FDC-42A3-9474-1A3956D46DE8}") = "Core", "Core", "{E9AFD80E-F8CB-45AF-AB97-A56DB755E75B}"
EndProject
Project("{FAE04EC0-301F-11D3-BF4B-00C04F79EFBC}") = "RealEstate.Repositories", "RealEstate.Repositories\RealEstate.Repositories.csproj", "{702CA68A-5CD8-461B-B7E5-961B3EDC4DFD}"
EndProject
Project("{FAE04EC0-301F-11D3-BF4B-00C04F79EFBC}") = "RealEstate.Internal.Services", "RealEstate.Internal.Services\RealEstate.Internal.Services.csproj", "{61172A0D-46E5-47C1-A4EC-7ADB2825E0FD}"
EndProject
Global
	GlobalSection(SolutionConfigurationPlatforms) = preSolution
		Debug|Any CPU = Debug|Any CPU
		Release|Any CPU = Release|Any CPU
	EndGlobalSection
	GlobalSection(ProjectConfigurationPlatforms) = postSolution
		{B66573F2-B619-4738-9370-7102ED173322}.Debug|Any CPU.ActiveCfg = Debug|Any CPU
		{B66573F2-B619-4738-9370-7102ED173322}.Debug|Any CPU.Build.0 = Debug|Any CPU
		{B66573F2-B619-4738-9370-7102ED173322}.Release|Any CPU.ActiveCfg = Release|Any CPU
		{B66573F2-B619-4738-9370-7102ED173322}.Release|Any CPU.Build.0 = Release|Any CPU
		{36B8AE84-BFBE-46BE-A548-80B261F61E5C}.Debug|Any CPU.ActiveCfg = Debug|Any CPU
		{36B8AE84-BFBE-46BE-A548-80B261F61E5C}.Debug|Any CPU.Build.0 = Debug|Any CPU
		{36B8AE84-BFBE-46BE-A548-80B261F61E5C}.Release|Any CPU.ActiveCfg = Release|Any CPU
		{36B8AE84-BFBE-46BE-A548-80B261F61E5C}.Release|Any CPU.Build.0 = Release|Any CPU
		{78E15307-0CF5-4822-95C6-4B4DB6377631}.Debug|Any CPU.ActiveCfg = Debug|Any CPU
		{78E15307-0CF5-4822-95C6-4B4DB6377631}.Debug|Any CPU.Build.0 = Debug|Any CPU
		{78E15307-0CF5-4822-95C6-4B4DB6377631}.Release|Any CPU.ActiveCfg = Release|Any CPU
		{78E15307-0CF5-4822-95C6-4B4DB6377631}.Release|Any CPU.Build.0 = Release|Any CPU
		{D3500AE2-1E68-4C93-995F-89E2B1E2A2C0}.Debug|Any CPU.ActiveCfg = Debug|Any CPU
		{D3500AE2-1E68-4C93-995F-89E2B1E2A2C0}.Debug|Any CPU.Build.0 = Debug|Any CPU
		{D3500AE2-1E68-4C93-995F-89E2B1E2A2C0}.Release|Any CPU.ActiveCfg = Release|Any CPU
		{D3500AE2-1E68-4C93-995F-89E2B1E2A2C0}.Release|Any CPU.Build.0 = Release|Any CPU
		{717E0EDA-23BD-42B8-B021-422273798360}.Debug|Any CPU.ActiveCfg = Debug|Any CPU
		{717E0EDA-23BD-42B8-B021-422273798360}.Debug|Any CPU.Build.0 = Debug|Any CPU
		{717E0EDA-23BD-42B8-B021-422273798360}.Release|Any CPU.ActiveCfg = Release|Any CPU
		{717E0EDA-23BD-42B8-B021-422273798360}.Release|Any CPU.Build.0 = Release|Any CPU
		{8E444CDD-9299-4549-9DFF-5C9AE958B138}.Debug|Any CPU.ActiveCfg = Debug|Any CPU
		{8E444CDD-9299-4549-9DFF-5C9AE958B138}.Debug|Any CPU.Build.0 = Debug|Any CPU
		{8E444CDD-9299-4549-9DFF-5C9AE958B138}.Release|Any CPU.ActiveCfg = Release|Any CPU
		{8E444CDD-9299-4549-9DFF-5C9AE958B138}.Release|Any CPU.Build.0 = Release|Any CPU
		{ECFD27E8-D873-48BC-B2EE-08F27180BE38}.Debug|Any CPU.ActiveCfg = Debug|Any CPU
		{ECFD27E8-D873-48BC-B2EE-08F27180BE38}.Debug|Any CPU.Build.0 = Debug|Any CPU
		{ECFD27E8-D873-48BC-B2EE-08F27180BE38}.Release|Any CPU.ActiveCfg = Release|Any CPU
		{ECFD27E8-D873-48BC-B2EE-08F27180BE38}.Release|Any CPU.Build.0 = Release|Any CPU
		{702CA68A-5CD8-461B-B7E5-961B3EDC4DFD}.Debug|Any CPU.ActiveCfg = Debug|Any CPU
		{702CA68A-5CD8-461B-B7E5-961B3EDC4DFD}.Debug|Any CPU.Build.0 = Debug|Any CPU
		{702CA68A-5CD8-461B-B7E5-961B3EDC4DFD}.Release|Any CPU.ActiveCfg = Release|Any CPU
		{702CA68A-5CD8-461B-B7E5-961B3EDC4DFD}.Release|Any CPU.Build.0 = Release|Any CPU
		{61172A0D-46E5-47C1-A4EC-7ADB2825E0FD}.Debug|Any CPU.ActiveCfg = Debug|Any CPU
		{61172A0D-46E5-47C1-A4EC-7ADB2825E0FD}.Debug|Any CPU.Build.0 = Debug|Any CPU
		{61172A0D-46E5-47C1-A4EC-7ADB2825E0FD}.Release|Any CPU.ActiveCfg = Release|Any CPU
		{61172A0D-46E5-47C1-A4EC-7ADB2825E0FD}.Release|Any CPU.Build.0 = Release|Any CPU
	EndGlobalSection
	GlobalSection(SolutionProperties) = preSolution
		HideSolutionNode = FALSE
	EndGlobalSection
	GlobalSection(NestedProjects) = preSolution
		{717E0EDA-23BD-42B8-B021-422273798360} = {E9AFD80E-F8CB-45AF-AB97-A56DB755E75B}
		{8E444CDD-9299-4549-9DFF-5C9AE958B138} = {E9AFD80E-F8CB-45AF-AB97-A56DB755E75B}
		{702CA68A-5CD8-461B-B7E5-961B3EDC4DFD} = {02EA681E-C7D8-13C7-8484-4AC65E1B71E8}
		{61172A0D-46E5-47C1-A4EC-7ADB2825E0FD} = {02EA681E-C7D8-13C7-8484-4AC65E1B71E8}
	EndGlobalSection
	GlobalSection(ExtensibilityGlobals) = postSolution
		SolutionGuid = {5805D4E3-4465-4786-9763-3C86E174BD34}
	EndGlobalSection
EndGlobal
